<Solution>
  <Folder Name="/solution/">
    <File Path="AGENTS.md" />
    <File Path="Directory.Build.props" />
    <File Path="Directory.Packages.props" />
    <File Path="README.md" />
  </Folder>
  <Folder Name="/src/">
    <Project Path="src/CryptedFantom.SystemMedia/CryptedFantom.SystemMedia.csproj" />
  </Folder>
  <Folder Name="/tests/">
    <Project Path="tests/CryptedFantom.SystemMedia.Tests/CryptedFantom.SystemMedia.Tests.csproj" />
  </Folder>
</Solution>
